dependencies:
- name: postgresql
  repository: https://p2-inc.github.io/helm-charts
  version: 12.1.3
- name: common
  repository: https://charts.bitnami.com/bitnami
  version: 2.2.2
digest: sha256:cc835e00c8a7986145c9c9aab5ff0009799a8ddc31ad4fc532d6044be51e635b
generated: "2023-01-01T14:39:26.195610304-08:00"
